
Microsoft Visual Studio Solution File, Format Version 12.00
# Visual Studio 15
VisualStudioVersion = 15.0.28307.1525
MinimumVisualStudioVersion = 10.0.40219.1
Project("{F184B08F-C81C-45F6-A57F-5ABD9991F28F}") = "Passbook to Wallet Converter", "Passbook to Wallet Converter\Passbook to Wallet Converter.vbproj", "{9C9DA631-163F-4FBC-886E-79372A9E35F1}"
EndProject
Global
	GlobalSection(SolutionConfigurationPlatforms) = preSolution
		Debug|ARM = Debug|ARM
		Debug|ARM64 = Debug|ARM64
		Debug|x64 = Debug|x64
		Debug|x86 = Debug|x86
		Release|ARM = Release|ARM
		Release|ARM64 = Release|ARM64
		Release|x64 = Release|x64
		Release|x86 = Release|x86
	EndGlobalSection
	GlobalSection(ProjectConfigurationPlatforms) = postSolution
		{9C9DA631-163F-4FBC-886E-79372A9E35F1}.Debug|ARM.ActiveCfg = Debug|ARM
		{9C9DA631-163F-4FBC-886E-79372A9E35F1}.Debug|ARM.Build.0 = Debug|ARM
		{9C9DA631-163F-4FBC-886E-79372A9E35F1}.Debug|ARM.Deploy.0 = Debug|ARM
		{9C9DA631-163F-4FBC-886E-79372A9E35F1}.Debug|ARM64.ActiveCfg = Debug|ARM64
		{9C9DA631-163F-4FBC-886E-79372A9E35F1}.Debug|ARM64.Build.0 = Debug|ARM64
		{9C9DA631-163F-4FBC-886E-79372A9E35F1}.Debug|ARM64.Deploy.0 = Debug|ARM64
		{9C9DA631-163F-4FBC-886E-79372A9E35F1}.Debug|x64.ActiveCfg = Debug|x64
		{9C9DA631-163F-4FBC-886E-79372A9E35F1}.Debug|x64.Build.0 = Debug|x64
		{9C9DA631-163F-4FBC-886E-79372A9E35F1}.Debug|x64.Deploy.0 = Debug|x64
		{9C9DA631-163F-4FBC-886E-79372A9E35F1}.Debug|x86.ActiveCfg = Debug|x86
		{9C9DA631-163F-4FBC-886E-79372A9E35F1}.Debug|x86.Build.0 = Debug|x86
		{9C9DA631-163F-4FBC-886E-79372A9E35F1}.Debug|x86.Deploy.0 = Debug|x86
		{9C9DA631-163F-4FBC-886E-79372A9E35F1}.Release|ARM.ActiveCfg = Release|ARM
		{9C9DA631-163F-4FBC-886E-79372A9E35F1}.Release|ARM.Build.0 = Release|ARM
		{9C9DA631-163F-4FBC-886E-79372A9E35F1}.Release|ARM.Deploy.0 = Release|ARM
		{9C9DA631-163F-4FBC-886E-79372A9E35F1}.Release|ARM64.ActiveCfg = Release|ARM64
		{9C9DA631-163F-4FBC-886E-79372A9E35F1}.Release|ARM64.Build.0 = Release|ARM64
		{9C9DA631-163F-4FBC-886E-79372A9E35F1}.Release|ARM64.Deploy.0 = Release|ARM64
		{9C9DA631-163F-4FBC-886E-79372A9E35F1}.Release|x64.ActiveCfg = Release|x64
		{9C9DA631-163F-4FBC-886E-79372A9E35F1}.Release|x64.Build.0 = Release|x64
		{9C9DA631-163F-4FBC-886E-79372A9E35F1}.Release|x64.Deploy.0 = Release|x64
		{9C9DA631-163F-4FBC-886E-79372A9E35F1}.Release|x86.ActiveCfg = Release|x86
		{9C9DA631-163F-4FBC-886E-79372A9E35F1}.Release|x86.Build.0 = Release|x86
		{9C9DA631-163F-4FBC-886E-79372A9E35F1}.Release|x86.Deploy.0 = Release|x86
	EndGlobalSection
	GlobalSection(SolutionProperties) = preSolution
		HideSolutionNode = FALSE
	EndGlobalSection
	GlobalSection(ExtensibilityGlobals) = postSolution
		SolutionGuid = {1411469B-8874-49C5-BE52-BCD547E0BF30}
	EndGlobalSection
EndGlobal
